
Microsoft Visual Studio Solution File, Format Version 12.00
# Visual Studio Version 16
VisualStudioVersion = 16.0.30011.22
MinimumVisualStudioVersion = 10.0.40219.1
Project("{8BC9CEB8-8B4A-11D0-8D11-00A0C91BC942}") = "Lab5_OOP", "Lab5_OOP\Lab5_OOP.vcxproj", "{4827AD4D-A66C-48F3-B989-6C15834394B0}"
EndProject
Project("{8BC9CEB8-8B4A-11D0-8D11-00A0C91BC942}") = "Lab5Test", "Lab5Test\Lab5Test.vcxproj", "{CCF7CDBF-9269-42D4-9028-525F6A2ED747}"
EndProject
Global
	GlobalSection(SolutionConfigurationPlatforms) = preSolution
		Debug|x64 = Debug|x64
		Debug|x86 = Debug|x86
		Release|x64 = Release|x64
		Release|x86 = Release|x86
	EndGlobalSection
	GlobalSection(ProjectConfigurationPlatforms) = postSolution
		{4827AD4D-A66C-48F3-B989-6C15834394B0}.Debug|x64.ActiveCfg = Debug|x64
		{4827AD4D-A66C-48F3-B989-6C15834394B0}.Debug|x64.Build.0 = Debug|x64
		{4827AD4D-A66C-48F3-B989-6C15834394B0}.Debug|x86.ActiveCfg = Debug|Win32
		{4827AD4D-A66C-48F3-B989-6C15834394B0}.Debug|x86.Build.0 = Debug|Win32
		{4827AD4D-A66C-48F3-B989-6C15834394B0}.Release|x64.ActiveCfg = Release|x64
		{4827AD4D-A66C-48F3-B989-6C15834394B0}.Release|x64.Build.0 = Release|x64
		{4827AD4D-A66C-48F3-B989-6C15834394B0}.Release|x86.ActiveCfg = Release|Win32
		{4827AD4D-A66C-48F3-B989-6C15834394B0}.Release|x86.Build.0 = Release|Win32
		{CCF7CDBF-9269-42D4-9028-525F6A2ED747}.Debug|x64.ActiveCfg = Debug|x64
		{CCF7CDBF-9269-42D4-9028-525F6A2ED747}.Debug|x64.Build.0 = Debug|x64
		{CCF7CDBF-9269-42D4-9028-525F6A2ED747}.Debug|x86.ActiveCfg = Debug|Win32
		{CCF7CDBF-9269-42D4-9028-525F6A2ED747}.Debug|x86.Build.0 = Debug|Win32
		{CCF7CDBF-9269-42D4-9028-525F6A2ED747}.Release|x64.ActiveCfg = Release|x64
		{CCF7CDBF-9269-42D4-9028-525F6A2ED747}.Release|x64.Build.0 = Release|x64
		{CCF7CDBF-9269-42D4-9028-525F6A2ED747}.Release|x86.ActiveCfg = Release|Win32
		{CCF7CDBF-9269-42D4-9028-525F6A2ED747}.Release|x86.Build.0 = Release|Win32
	EndGlobalSection
	GlobalSection(SolutionProperties) = preSolution
		HideSolutionNode = FALSE
	EndGlobalSection
	GlobalSection(ExtensibilityGlobals) = postSolution
		SolutionGuid = {D8BDCD33-A1D6-432F-AF0F-E301D38A1EB8}
	EndGlobalSection
EndGlobal
